
Microsoft Visual Studio Solution File, Format Version 12.00
# Visual Studio Version 17
VisualStudioVersion = 17.7.34221.43
MinimumVisualStudioVersion = 10.0.40219.1
Project("{FAE04EC0-301F-11D3-BF4B-00C04F79EFBC}") = "cours", "cours.csproj", "{1A682284-F970-4A4E-98B9-7E2B3E475C69}"
EndProject
Global
	GlobalSection(SolutionConfigurationPlatforms) = preSolution
		Debug|Any CPU = Debug|Any CPU
		Release|Any CPU = Release|Any CPU
	EndGlobalSection
	GlobalSection(ProjectConfigurationPlatforms) = postSolution
		{1A682284-F970-4A4E-98B9-7E2B3E475C69}.Debug|Any CPU.ActiveCfg = Debug|Any CPU
		{1A682284-F970-4A4E-98B9-7E2B3E475C69}.Debug|Any CPU.Build.0 = Debug|Any CPU
		{1A682284-F970-4A4E-98B9-7E2B3E475C69}.Release|Any CPU.ActiveCfg = Release|Any CPU
		{1A682284-F970-4A4E-98B9-7E2B3E475C69}.Release|Any CPU.Build.0 = Release|Any CPU
	EndGlobalSection
	GlobalSection(SolutionProperties) = preSolution
		HideSolutionNode = FALSE
	EndGlobalSection
	GlobalSection(ExtensibilityGlobals) = postSolution
		SolutionGuid = {4214D9BA-17C4-4626-AFCA-D48993FF4792}
	EndGlobalSection
EndGlobal
